
Microsoft Visual Studio Solution File, Format Version 12.00
# Visual Studio 14
VisualStudioVersion = 14.0.23107.0
MinimumVisualStudioVersion = 10.0.40219.1
Project("{FAE04EC0-301F-11D3-BF4B-00C04F79EFBC}") = "DNA", "DNA\DNA.csproj", "{430D7E5A-F1AA-46A8-BE11-908BE9FD7856}"
EndProject
Project("{FAE04EC0-301F-11D3-BF4B-00C04F79EFBC}") = "DNAC", "DNAC\DNAC.csproj", "{34F31ED1-6932-428F-89EE-8E243CC9203E}"
EndProject
Global
	GlobalSection(SolutionConfigurationPlatforms) = preSolution
		Debug|Any CPU = Debug|Any CPU
		Release|Any CPU = Release|Any CPU
	EndGlobalSection
	GlobalSection(ProjectConfigurationPlatforms) = postSolution
		{430D7E5A-F1AA-46A8-BE11-908BE9FD7856}.Debug|Any CPU.ActiveCfg = Debug|Any CPU
		{430D7E5A-F1AA-46A8-BE11-908BE9FD7856}.Debug|Any CPU.Build.0 = Debug|Any CPU
		{430D7E5A-F1AA-46A8-BE11-908BE9FD7856}.Release|Any CPU.ActiveCfg = Release|Any CPU
		{430D7E5A-F1AA-46A8-BE11-908BE9FD7856}.Release|Any CPU.Build.0 = Release|Any CPU
		{34F31ED1-6932-428F-89EE-8E243CC9203E}.Debug|Any CPU.ActiveCfg = Debug|Any CPU
		{34F31ED1-6932-428F-89EE-8E243CC9203E}.Debug|Any CPU.Build.0 = Debug|Any CPU
		{34F31ED1-6932-428F-89EE-8E243CC9203E}.Release|Any CPU.ActiveCfg = Release|Any CPU
		{34F31ED1-6932-428F-89EE-8E243CC9203E}.Release|Any CPU.Build.0 = Release|Any CPU
	EndGlobalSection
	GlobalSection(SolutionProperties) = preSolution
		HideSolutionNode = FALSE
	EndGlobalSection
EndGlobal
